
Microsoft Visual Studio Solution File, Format Version 12.00
# Visual Studio Version 17
VisualStudioVersion = 17.0.31903.59
MinimumVisualStudioVersion = 10.0.40219.1
Project("{2150E333-8FDC-42A3-9474-1A3956D46DE8}") = "src", "src", "{ADB87255-6A77-435F-917F-65F571F3792D}"
EndProject
Project("{FAE04EC0-301F-11D3-BF4B-00C04F79EFBC}") = "Core", "src\Core\Core.csproj", "{477A8913-6DB4-4B17-993B-2B317DB99FA4}"
EndProject
Project("{FAE04EC0-301F-11D3-BF4B-00C04F79EFBC}") = "Data", "src\Data\Data.csproj", "{D4FFC064-8093-4DD4-8C99-E0F0CF08C7E1}"
EndProject
Project("{FAE04EC0-301F-11D3-BF4B-00C04F79EFBC}") = "Presentation", "src\Presentation\Presentation.csproj", "{0B6B1C47-3EF5-4CA4-BE1F-BDF1BB70D426}"
EndProject
Project("{2150E333-8FDC-42A3-9474-1A3956D46DE8}") = "tests", "tests", "{0CC14EBA-2072-4039-B3AA-3BD75B3C3EA3}"
EndProject
Project("{FAE04EC0-301F-11D3-BF4B-00C04F79EFBC}") = "UnitTests", "tests\UnitTests\UnitTests.csproj", "{D22D6FA0-E374-4345-B0CB-7FC95DBBB86D}"
EndProject
Project("{FAE04EC0-301F-11D3-BF4B-00C04F79EFBC}") = "IntegrationTests", "tests\IntegrationTests\IntegrationTests.csproj", "{2AFA5E33-88CA-4DF1-B2A7-9290119C47DA}"
EndProject
Global
	GlobalSection(SolutionConfigurationPlatforms) = preSolution
		Debug|Any CPU = Debug|Any CPU
		Release|Any CPU = Release|Any CPU
	EndGlobalSection
	GlobalSection(SolutionProperties) = preSolution
		HideSolutionNode = FALSE
	EndGlobalSection
	GlobalSection(ProjectConfigurationPlatforms) = postSolution
		{477A8913-6DB4-4B17-993B-2B317DB99FA4}.Debug|Any CPU.ActiveCfg = Debug|Any CPU
		{477A8913-6DB4-4B17-993B-2B317DB99FA4}.Debug|Any CPU.Build.0 = Debug|Any CPU
		{477A8913-6DB4-4B17-993B-2B317DB99FA4}.Release|Any CPU.ActiveCfg = Release|Any CPU
		{477A8913-6DB4-4B17-993B-2B317DB99FA4}.Release|Any CPU.Build.0 = Release|Any CPU
		{D4FFC064-8093-4DD4-8C99-E0F0CF08C7E1}.Debug|Any CPU.ActiveCfg = Debug|Any CPU
		{D4FFC064-8093-4DD4-8C99-E0F0CF08C7E1}.Debug|Any CPU.Build.0 = Debug|Any CPU
		{D4FFC064-8093-4DD4-8C99-E0F0CF08C7E1}.Release|Any CPU.ActiveCfg = Release|Any CPU
		{D4FFC064-8093-4DD4-8C99-E0F0CF08C7E1}.Release|Any CPU.Build.0 = Release|Any CPU
		{0B6B1C47-3EF5-4CA4-BE1F-BDF1BB70D426}.Debug|Any CPU.ActiveCfg = Debug|Any CPU
		{0B6B1C47-3EF5-4CA4-BE1F-BDF1BB70D426}.Debug|Any CPU.Build.0 = Debug|Any CPU
		{0B6B1C47-3EF5-4CA4-BE1F-BDF1BB70D426}.Release|Any CPU.ActiveCfg = Release|Any CPU
		{0B6B1C47-3EF5-4CA4-BE1F-BDF1BB70D426}.Release|Any CPU.Build.0 = Release|Any CPU
		{D22D6FA0-E374-4345-B0CB-7FC95DBBB86D}.Debug|Any CPU.ActiveCfg = Debug|Any CPU
		{D22D6FA0-E374-4345-B0CB-7FC95DBBB86D}.Debug|Any CPU.Build.0 = Debug|Any CPU
		{D22D6FA0-E374-4345-B0CB-7FC95DBBB86D}.Release|Any CPU.ActiveCfg = Release|Any CPU
		{D22D6FA0-E374-4345-B0CB-7FC95DBBB86D}.Release|Any CPU.Build.0 = Release|Any CPU
		{2AFA5E33-88CA-4DF1-B2A7-9290119C47DA}.Debug|Any CPU.ActiveCfg = Debug|Any CPU
		{2AFA5E33-88CA-4DF1-B2A7-9290119C47DA}.Debug|Any CPU.Build.0 = Debug|Any CPU
		{2AFA5E33-88CA-4DF1-B2A7-9290119C47DA}.Release|Any CPU.ActiveCfg = Release|Any CPU
		{2AFA5E33-88CA-4DF1-B2A7-9290119C47DA}.Release|Any CPU.Build.0 = Release|Any CPU
	EndGlobalSection
	GlobalSection(NestedProjects) = preSolution
		{477A8913-6DB4-4B17-993B-2B317DB99FA4} = {ADB87255-6A77-435F-917F-65F571F3792D}
		{D4FFC064-8093-4DD4-8C99-E0F0CF08C7E1} = {ADB87255-6A77-435F-917F-65F571F3792D}
		{0B6B1C47-3EF5-4CA4-BE1F-BDF1BB70D426} = {ADB87255-6A77-435F-917F-65F571F3792D}
		{D22D6FA0-E374-4345-B0CB-7FC95DBBB86D} = {0CC14EBA-2072-4039-B3AA-3BD75B3C3EA3}
		{2AFA5E33-88CA-4DF1-B2A7-9290119C47DA} = {0CC14EBA-2072-4039-B3AA-3BD75B3C3EA3}
	EndGlobalSection
EndGlobal
